
Microsoft Visual Studio Solution File, Format Version 12.00
# Visual Studio 15
VisualStudioVersion = 15.0.28307.421
MinimumVisualStudioVersion = 10.0.40219.1
Project("{FAE04EC0-301F-11D3-BF4B-00C04F79EFBC}") = "WinFrmKzvl", "WinFrmKzvl\WinFrmKzvl.csproj", "{E00913B3-7893-4197-BFB1-33245B837F14}"
EndProject
Project("{FAE04EC0-301F-11D3-BF4B-00C04F79EFBC}") = "KZVLDataEF", "KZVLDataEF\KZVLDataEF.csproj", "{21720173-07BE-4CE6-A3E8-09F2A6896E6D}"
EndProject
Global
	GlobalSection(SolutionConfigurationPlatforms) = preSolution
		Debug|Any CPU = Debug|Any CPU
		Release|Any CPU = Release|Any CPU
	EndGlobalSection
	GlobalSection(ProjectConfigurationPlatforms) = postSolution
		{E00913B3-7893-4197-BFB1-33245B837F14}.Debug|Any CPU.ActiveCfg = Debug|Any CPU
		{E00913B3-7893-4197-BFB1-33245B837F14}.Debug|Any CPU.Build.0 = Debug|Any CPU
		{E00913B3-7893-4197-BFB1-33245B837F14}.Release|Any CPU.ActiveCfg = Release|Any CPU
		{E00913B3-7893-4197-BFB1-33245B837F14}.Release|Any CPU.Build.0 = Release|Any CPU
		{21720173-07BE-4CE6-A3E8-09F2A6896E6D}.Debug|Any CPU.ActiveCfg = Debug|Any CPU
		{21720173-07BE-4CE6-A3E8-09F2A6896E6D}.Debug|Any CPU.Build.0 = Debug|Any CPU
		{21720173-07BE-4CE6-A3E8-09F2A6896E6D}.Release|Any CPU.ActiveCfg = Release|Any CPU
		{21720173-07BE-4CE6-A3E8-09F2A6896E6D}.Release|Any CPU.Build.0 = Release|Any CPU
	EndGlobalSection
	GlobalSection(SolutionProperties) = preSolution
		HideSolutionNode = FALSE
	EndGlobalSection
	GlobalSection(ExtensibilityGlobals) = postSolution
		SolutionGuid = {69CE4E01-6D97-4533-B10B-D50F94F28266}
	EndGlobalSection
EndGlobal
